
Microsoft Visual Studio Solution File, Format Version 12.00
# Visual Studio Version 17
VisualStudioVersion = 17.12.35521.163
MinimumVisualStudioVersion = 10.0.40219.1
Project("{9A19103F-16F7-4668-BE54-9A1E7A4F7556}") = "agilum.mvc.web", "agilum.mvc.web\agilum.mvc.web.csproj", "{E6D32F3B-F358-426E-86FE-E68A91BB8925}"
EndProject
Project("{9A19103F-16F7-4668-BE54-9A1E7A4F7556}") = "agilium-manager-azure-api", "agilium-manager-azure-api\agilium-manager-azure-api.csproj", "{7870DB75-8087-4D6F-AA34-1FAA3EB9EC6E}"
EndProject
Project("{9A19103F-16F7-4668-BE54-9A1E7A4F7556}") = "agilium-manager-azure-business", "agilium-manager-azure-business\agilium-manager-azure-business.csproj", "{06C31DD8-D3E2-45EC-87E9-4DD51795ADCC}"
EndProject
Project("{9A19103F-16F7-4668-BE54-9A1E7A4F7556}") = "agilium-manager-git-azure-infra", "agilium-manager-git-azure-infra\agilium-manager-git-azure-infra.csproj", "{3984B58F-CF59-4FDB-95B3-160E36BA4614}"
EndProject
Project("{2150E333-8FDC-42A3-9474-1A3956D46DE8}") = "Itens de Solução", "Itens de Solução", "{B563E476-1A79-4442-959C-C1F7C0E1C52E}"
	ProjectSection(SolutionItems) = preProject
		Dockerfile = Dockerfile
	EndProjectSection
EndProject
Project("{FAE04EC0-301F-11D3-BF4B-00C04F79EFBC}") = "agilum.mvc.web.tests", "agilum.mvc.web.tests\agilum.mvc.web.tests.csproj", "{C232B269-B17D-4539-9BC8-FBD42F9EB3C9}"
EndProject
Global
	GlobalSection(SolutionConfigurationPlatforms) = preSolution
		Debug|Any CPU = Debug|Any CPU
		Debug|x64 = Debug|x64
		Debug|x86 = Debug|x86
		Release|Any CPU = Release|Any CPU
		Release|x64 = Release|x64
		Release|x86 = Release|x86
	EndGlobalSection
	GlobalSection(ProjectConfigurationPlatforms) = postSolution
		{E6D32F3B-F358-426E-86FE-E68A91BB8925}.Debug|Any CPU.ActiveCfg = Debug|Any CPU
		{E6D32F3B-F358-426E-86FE-E68A91BB8925}.Debug|Any CPU.Build.0 = Debug|Any CPU
		{E6D32F3B-F358-426E-86FE-E68A91BB8925}.Debug|x64.ActiveCfg = Debug|Any CPU
		{E6D32F3B-F358-426E-86FE-E68A91BB8925}.Debug|x64.Build.0 = Debug|Any CPU
		{E6D32F3B-F358-426E-86FE-E68A91BB8925}.Debug|x86.ActiveCfg = Debug|Any CPU
		{E6D32F3B-F358-426E-86FE-E68A91BB8925}.Debug|x86.Build.0 = Debug|Any CPU
		{E6D32F3B-F358-426E-86FE-E68A91BB8925}.Release|Any CPU.ActiveCfg = Release|Any CPU
		{E6D32F3B-F358-426E-86FE-E68A91BB8925}.Release|Any CPU.Build.0 = Release|Any CPU
		{E6D32F3B-F358-426E-86FE-E68A91BB8925}.Release|x64.ActiveCfg = Release|Any CPU
		{E6D32F3B-F358-426E-86FE-E68A91BB8925}.Release|x64.Build.0 = Release|Any CPU
		{E6D32F3B-F358-426E-86FE-E68A91BB8925}.Release|x86.ActiveCfg = Release|Any CPU
		{E6D32F3B-F358-426E-86FE-E68A91BB8925}.Release|x86.Build.0 = Release|Any CPU
		{7870DB75-8087-4D6F-AA34-1FAA3EB9EC6E}.Debug|Any CPU.ActiveCfg = Debug|Any CPU
		{7870DB75-8087-4D6F-AA34-1FAA3EB9EC6E}.Debug|Any CPU.Build.0 = Debug|Any CPU
		{7870DB75-8087-4D6F-AA34-1FAA3EB9EC6E}.Debug|x64.ActiveCfg = Debug|Any CPU
		{7870DB75-8087-4D6F-AA34-1FAA3EB9EC6E}.Debug|x64.Build.0 = Debug|Any CPU
		{7870DB75-8087-4D6F-AA34-1FAA3EB9EC6E}.Debug|x86.ActiveCfg = Debug|Any CPU
		{7870DB75-8087-4D6F-AA34-1FAA3EB9EC6E}.Debug|x86.Build.0 = Debug|Any CPU
		{7870DB75-8087-4D6F-AA34-1FAA3EB9EC6E}.Release|Any CPU.ActiveCfg = Release|Any CPU
		{7870DB75-8087-4D6F-AA34-1FAA3EB9EC6E}.Release|Any CPU.Build.0 = Release|Any CPU
		{7870DB75-8087-4D6F-AA34-1FAA3EB9EC6E}.Release|x64.ActiveCfg = Release|Any CPU
		{7870DB75-8087-4D6F-AA34-1FAA3EB9EC6E}.Release|x64.Build.0 = Release|Any CPU
		{7870DB75-8087-4D6F-AA34-1FAA3EB9EC6E}.Release|x86.ActiveCfg = Release|Any CPU
		{7870DB75-8087-4D6F-AA34-1FAA3EB9EC6E}.Release|x86.Build.0 = Release|Any CPU
		{06C31DD8-D3E2-45EC-87E9-4DD51795ADCC}.Debug|Any CPU.ActiveCfg = Debug|Any CPU
		{06C31DD8-D3E2-45EC-87E9-4DD51795ADCC}.Debug|Any CPU.Build.0 = Debug|Any CPU
		{06C31DD8-D3E2-45EC-87E9-4DD51795ADCC}.Debug|x64.ActiveCfg = Debug|Any CPU
		{06C31DD8-D3E2-45EC-87E9-4DD51795ADCC}.Debug|x64.Build.0 = Debug|Any CPU
		{06C31DD8-D3E2-45EC-87E9-4DD51795ADCC}.Debug|x86.ActiveCfg = Debug|Any CPU
		{06C31DD8-D3E2-45EC-87E9-4DD51795ADCC}.Debug|x86.Build.0 = Debug|Any CPU
		{06C31DD8-D3E2-45EC-87E9-4DD51795ADCC}.Release|Any CPU.ActiveCfg = Release|Any CPU
		{06C31DD8-D3E2-45EC-87E9-4DD51795ADCC}.Release|Any CPU.Build.0 = Release|Any CPU
		{06C31DD8-D3E2-45EC-87E9-4DD51795ADCC}.Release|x64.ActiveCfg = Release|Any CPU
		{06C31DD8-D3E2-45EC-87E9-4DD51795ADCC}.Release|x64.Build.0 = Release|Any CPU
		{06C31DD8-D3E2-45EC-87E9-4DD51795ADCC}.Release|x86.ActiveCfg = Release|Any CPU
		{06C31DD8-D3E2-45EC-87E9-4DD51795ADCC}.Release|x86.Build.0 = Release|Any CPU
		{3984B58F-CF59-4FDB-95B3-160E36BA4614}.Debug|Any CPU.ActiveCfg = Debug|Any CPU
		{3984B58F-CF59-4FDB-95B3-160E36BA4614}.Debug|Any CPU.Build.0 = Debug|Any CPU
		{3984B58F-CF59-4FDB-95B3-160E36BA4614}.Debug|x64.ActiveCfg = Debug|Any CPU
		{3984B58F-CF59-4FDB-95B3-160E36BA4614}.Debug|x64.Build.0 = Debug|Any CPU
		{3984B58F-CF59-4FDB-95B3-160E36BA4614}.Debug|x86.ActiveCfg = Debug|Any CPU
		{3984B58F-CF59-4FDB-95B3-160E36BA4614}.Debug|x86.Build.0 = Debug|Any CPU
		{3984B58F-CF59-4FDB-95B3-160E36BA4614}.Release|Any CPU.ActiveCfg = Release|Any CPU
		{3984B58F-CF59-4FDB-95B3-160E36BA4614}.Release|Any CPU.Build.0 = Release|Any CPU
		{3984B58F-CF59-4FDB-95B3-160E36BA4614}.Release|x64.ActiveCfg = Release|Any CPU
		{3984B58F-CF59-4FDB-95B3-160E36BA4614}.Release|x64.Build.0 = Release|Any CPU
		{3984B58F-CF59-4FDB-95B3-160E36BA4614}.Release|x86.ActiveCfg = Release|Any CPU
		{3984B58F-CF59-4FDB-95B3-160E36BA4614}.Release|x86.Build.0 = Release|Any CPU
		{C232B269-B17D-4539-9BC8-FBD42F9EB3C9}.Debug|Any CPU.ActiveCfg = Debug|Any CPU
		{C232B269-B17D-4539-9BC8-FBD42F9EB3C9}.Debug|Any CPU.Build.0 = Debug|Any CPU
		{C232B269-B17D-4539-9BC8-FBD42F9EB3C9}.Debug|x64.ActiveCfg = Debug|Any CPU
		{C232B269-B17D-4539-9BC8-FBD42F9EB3C9}.Debug|x64.Build.0 = Debug|Any CPU
		{C232B269-B17D-4539-9BC8-FBD42F9EB3C9}.Debug|x86.ActiveCfg = Debug|Any CPU
		{C232B269-B17D-4539-9BC8-FBD42F9EB3C9}.Debug|x86.Build.0 = Debug|Any CPU
		{C232B269-B17D-4539-9BC8-FBD42F9EB3C9}.Release|Any CPU.ActiveCfg = Release|Any CPU
		{C232B269-B17D-4539-9BC8-FBD42F9EB3C9}.Release|Any CPU.Build.0 = Release|Any CPU
		{C232B269-B17D-4539-9BC8-FBD42F9EB3C9}.Release|x64.ActiveCfg = Release|Any CPU
		{C232B269-B17D-4539-9BC8-FBD42F9EB3C9}.Release|x64.Build.0 = Release|Any CPU
		{C232B269-B17D-4539-9BC8-FBD42F9EB3C9}.Release|x86.ActiveCfg = Release|Any CPU
		{C232B269-B17D-4539-9BC8-FBD42F9EB3C9}.Release|x86.Build.0 = Release|Any CPU
	EndGlobalSection
	GlobalSection(SolutionProperties) = preSolution
		HideSolutionNode = FALSE
	EndGlobalSection
	GlobalSection(ExtensibilityGlobals) = postSolution
		SolutionGuid = {75AA40ED-3F30-483C-B6D0-B914F7527011}
	EndGlobalSection
EndGlobal
